{
  "name": "@voyo/ui-uni",
  "version": "1.0.0",
  "lockfileVersion": 1,
  "requires": true,
  "dependencies": {
    "@voyo/core-style": {
      "version": "github:zhantewei2/voyo-core-style#93c2379123c19eef997e5f589e304f7bed805151",
      "from": "github:zhantewei2/voyo-core-style#master",
      "dev": true
    },
    "vue": {
      "version": "2.6.11",
      "resolved": "https://registry.npmjs.org/vue/-/vue-2.6.11.tgz",
      "integrity": "sha512-VfPwgcGABbGAue9+sfrD4PuwFar7gPb1yl1UK1MwXoQPAw0BKSqWfoYCT/ThFrdEVWoI51dBuyCoiNU9bZDZxQ==",
      "dev": true
    }
  }
}
